
Microsoft Visual Studio Solution File, Format Version 12.00
# Visual Studio Version 17
VisualStudioVersion = 17.1.32319.34
MinimumVisualStudioVersion = 10.0.40219.1
Project("{FAE04EC0-301F-11D3-BF4B-00C04F79EFBC}") = "Practicas36", "Practicas36\Practicas36.csproj", "{938873B5-644C-4FB0-AE5C-F82E0FD62341}"
EndProject
Global
	GlobalSection(SolutionConfigurationPlatforms) = preSolution
		Debug|Any CPU = Debug|Any CPU
		Release|Any CPU = Release|Any CPU
	EndGlobalSection
	GlobalSection(ProjectConfigurationPlatforms) = postSolution
		{938873B5-644C-4FB0-AE5C-F82E0FD62341}.Debug|Any CPU.ActiveCfg = Debug|Any CPU
		{938873B5-644C-4FB0-AE5C-F82E0FD62341}.Debug|Any CPU.Build.0 = Debug|Any CPU
		{938873B5-644C-4FB0-AE5C-F82E0FD62341}.Release|Any CPU.ActiveCfg = Release|Any CPU
		{938873B5-644C-4FB0-AE5C-F82E0FD62341}.Release|Any CPU.Build.0 = Release|Any CPU
	EndGlobalSection
	GlobalSection(SolutionProperties) = preSolution
		HideSolutionNode = FALSE
	EndGlobalSection
	GlobalSection(ExtensibilityGlobals) = postSolution
		SolutionGuid = {9CA590CE-7E91-4689-B73B-F590423C4CB3}
	EndGlobalSection
EndGlobal
